// !$*UTF8*$!
{
	archiveVersion = 1;
	classes = {
	};
	objectVersion = 46;
	objects = {

/* Begin PBXBuildFile section */
		EFD8C71C16CE2DFE006E0CF7 /* NSString+WebExtensions.m in Sources */ = {isa = PBXBuildFile; fileRef = EFD8C71B16CE2DFE006E0CF7 /* NSString+WebExtensions.m */; };
		EFE4EDE216CE1F5A004CC72A /* Cocoa.framework in Frameworks */ = {isa = PBXBuildFile; fileRef = EFE4EDE116CE1F5A004CC72A /* Cocoa.framework */; };
		EFE4EDEC16CE1F5A004CC72A /* InfoPlist.strings in Resources */ = {isa = PBXBuildFile; fileRef = EFE4EDEA16CE1F5A004CC72A /* InfoPlist.strings */; };
		EFE4EDF516CE20A6004CC72A /* ICPMainController.m in Sources */ = {isa = PBXBuildFile; fileRef = EFE4EDF416CE20A6004CC72A /* ICPMainController.m */; };
/* End PBXBuildFile section */

/* Begin PBXFileReference section */
		EFD8C71A16CE2DFE006E0CF7 /* NSString+WebExtensions.h */ = {isa = PBXFileReference; fileEncoding = 4; lastKnownFileType = sourcecode.c.h; path = "NSString+WebExtensions.h"; sourceTree = "<group>"; };
		EFD8C71B16CE2DFE006E0CF7 /* NSString+WebExtensions.m */ = {isa = PBXFileReference; fileEncoding = 4; lastKnownFileType = sourcecode.c.objc; path = "NSString+WebExtensions.m"; sourceTree = "<group>"; };
		EFE4EDDE16CE1F5A004CC72A /* InstaCodesPlugin.xcplugin */ = {isa = PBXFileReference; explicitFileType = wrapper.cfbundle; includeInIndex = 0; path = InstaCodesPlugin.xcplugin; sourceTree = BUILT_PRODUCTS_DIR; };
		EFE4EDE116CE1F5A004CC72A /* Cocoa.framework */ = {isa = PBXFileReference; lastKnownFileType = wrapper.framework; name = Cocoa.framework; path = System/Library/Frameworks/Cocoa.framework; sourceTree = SDKROOT; };
		EFE4EDE416CE1F5A004CC72A /* AppKit.framework */ = {isa = PBXFileReference; lastKnownFileType = wrapper.framework; name = AppKit.framework; path = System/Library/Frameworks/AppKit.framework; sourceTree = SDKROOT; };
		EFE4EDE516CE1F5A004CC72A /* CoreData.framework */ = {isa = PBXFileReference; lastKnownFileType = wrapper.framework; name = CoreData.framework; path = System/Library/Frameworks/CoreData.framework; sourceTree = SDKROOT; };
		EFE4EDE616CE1F5A004CC72A /* Foundation.framework */ = {isa = PBXFileReference; lastKnownFileType = wrapper.framework; name = Foundation.framework; path = System/Library/Frameworks/Foundation.framework; sourceTree = SDKROOT; };
		EFE4EDE916CE1F5A004CC72A /* InstaCodesPlugin-Info.plist */ = {isa = PBXFileReference; lastKnownFileType = text.plist.xml; path = "InstaCodesPlugin-Info.plist"; sourceTree = "<group>"; };
		EFE4EDEB16CE1F5A004CC72A /* en */ = {isa = PBXFileReference; lastKnownFileType = text.plist.strings; name = en; path = en.lproj/InfoPlist.strings; sourceTree = "<group>"; };
		EFE4EDED16CE1F5A004CC72A /* InstaCodesPlugin-Prefix.pch */ = {isa = PBXFileReference; lastKnownFileType = sourcecode.c.h; path = "InstaCodesPlugin-Prefix.pch"; sourceTree = "<group>"; };
		EFE4EDF316CE20A6004CC72A /* ICPMainController.h */ = {isa = PBXFileReference; fileEncoding = 4; lastKnownFileType = sourcecode.c.h; path = ICPMainController.h; sourceTree = "<group>"; };
		EFE4EDF416CE20A6004CC72A /* ICPMainController.m */ = {isa = PBXFileReference; fileEncoding = 4; lastKnownFileType = sourcecode.c.objc; path = ICPMainController.m; sourceTree = "<group>"; };
/* End PBXFileReference section */

/* Begin PBXFrameworksBuildPhase section */
		EFE4EDDB16CE1F5A004CC72A /* Frameworks */ = {
			isa = PBXFrameworksBuildPhase;
			buildActionMask = 2147483647;
			files = (
				EFE4EDE216CE1F5A004CC72A /* Cocoa.framework in Frameworks */,
			);
			runOnlyForDeploymentPostprocessing = 0;
		};
/* End PBXFrameworksBuildPhase section */

/* Begin PBXGroup section */
		EFE4EDD516CE1F5A004CC72A = {
			isa = PBXGroup;
			children = (
				EFE4EDE716CE1F5A004CC72A /* InstaCodesPlugin */,
				EFE4EDE016CE1F5A004CC72A /* Frameworks */,
				EFE4EDDF16CE1F5A004CC72A /* Products */,
			);
			sourceTree = "<group>";
		};
		EFE4EDDF16CE1F5A004CC72A /* Products */ = {
			isa = PBXGroup;
			children = (
				EFE4EDDE16CE1F5A004CC72A /* InstaCodesPlugin.xcplugin */,
			);
			name = Products;
			sourceTree = "<group>";
		};
		EFE4EDE016CE1F5A004CC72A /* Frameworks */ = {
			isa = PBXGroup;
			children = (
				EFE4EDE116CE1F5A004CC72A /* Cocoa.framework */,
				EFE4EDE316CE1F5A004CC72A /* Other Frameworks */,
			);
			name = Frameworks;
			sourceTree = "<group>";
		};
		EFE4EDE316CE1F5A004CC72A /* Other Frameworks */ = {
			isa = PBXGroup;
			children = (
				EFE4EDE416CE1F5A004CC72A /* AppKit.framework */,
				EFE4EDE516CE1F5A004CC72A /* CoreData.framework */,
				EFE4EDE616CE1F5A004CC72A /* Foundation.framework */,
			);
			name = "Other Frameworks";
			sourceTree = "<group>";
		};
		EFE4EDE716CE1F5A004CC72A /* InstaCodesPlugin */ = {
			isa = PBXGroup;
			children = (
				EFE4EDE816CE1F5A004CC72A /* Supporting Files */,
				EFE4EDF316CE20A6004CC72A /* ICPMainController.h */,
				EFE4EDF416CE20A6004CC72A /* ICPMainController.m */,
			);
			path = InstaCodesPlugin;
			sourceTree = "<group>";
		};
		EFE4EDE816CE1F5A004CC72A /* Supporting Files */ = {
			isa = PBXGroup;
			children = (
				EFE4EDE916CE1F5A004CC72A /* InstaCodesPlugin-Info.plist */,
				EFE4EDEA16CE1F5A004CC72A /* InfoPlist.strings */,
				EFE4EDED16CE1F5A004CC72A /* InstaCodesPlugin-Prefix.pch */,
				EFD8C71A16CE2DFE006E0CF7 /* NSString+WebExtensions.h */,
				EFD8C71B16CE2DFE006E0CF7 /* NSString+WebExtensions.m */,
			);
			name = "Supporting Files";
			sourceTree = "<group>";
		};
/* End PBXGroup section */

/* Begin PBXNativeTarget section */
		EFE4EDDD16CE1F5A004CC72A /* InstaCodesPlugin */ = {
			isa = PBXNativeTarget;
			buildConfigurationList = EFE4EDF016CE1F5A004CC72A /* Build configuration list for PBXNativeTarget "InstaCodesPlugin" */;
			buildPhases = (
				EFE4EDDA16CE1F5A004CC72A /* Sources */,
				EFE4EDDB16CE1F5A004CC72A /* Frameworks */,
				EFE4EDDC16CE1F5A004CC72A /* Resources */,
			);
			buildRules = (
			);
			dependencies = (
			);
			name = InstaCodesPlugin;
			productName = InstaCodesPlugin;
			productReference = EFE4EDDE16CE1F5A004CC72A /* InstaCodesPlugin.xcplugin */;
			productType = "com.apple.product-type.bundle";
		};
/* End PBXNativeTarget section */

/* Begin PBXProject section */
		EFE4EDD616CE1F5A004CC72A /* Project object */ = {
			isa = PBXProject;
			attributes = {
				LastUpgradeCheck = 0460;
				ORGANIZATIONNAME = "Eugene Kolpakov";
			};
			buildConfigurationList = EFE4EDD916CE1F5A004CC72A /* Build configuration list for PBXProject "InstaCodesPlugin" */;
			compatibilityVersion = "Xcode 3.2";
			developmentRegion = English;
			hasScannedForEncodings = 0;
			knownRegions = (
				en,
			);
			mainGroup = EFE4EDD516CE1F5A004CC72A;
			productRefGroup = EFE4EDDF16CE1F5A004CC72A /* Products */;
			projectDirPath = "";
			projectRoot = "";
			targets = (
				EFE4EDDD16CE1F5A004CC72A /* InstaCodesPlugin */,
			);
		};
/* End PBXProject section */

/* Begin PBXResourcesBuildPhase section */
		EFE4EDDC16CE1F5A004CC72A /* Resources */ = {
			isa = PBXResourcesBuildPhase;
			buildActionMask = 2147483647;
			files = (
				EFE4EDEC16CE1F5A004CC72A /* InfoPlist.strings in Resources */,
			);
			runOnlyForDeploymentPostprocessing = 0;
		};
/* End PBXResourcesBuildPhase section */

/* Begin PBXSourcesBuildPhase section */
		EFE4EDDA16CE1F5A004CC72A /* Sources */ = {
			isa = PBXSourcesBuildPhase;
			buildActionMask = 2147483647;
			files = (
				EFE4EDF516CE20A6004CC72A /* ICPMainController.m in Sources */,
				EFD8C71C16CE2DFE006E0CF7 /* NSString+WebExtensions.m in Sources */,
			);
			runOnlyForDeploymentPostprocessing = 0;
		};
/* End PBXSourcesBuildPhase section */

/* Begin PBXVariantGroup section */
		EFE4EDEA16CE1F5A004CC72A /* InfoPlist.strings */ = {
			isa = PBXVariantGroup;
			children = (
				EFE4EDEB16CE1F5A004CC72A /* en */,
			);
			name = InfoPlist.strings;
			sourceTree = "<group>";
		};
/* End PBXVariantGroup section */

/* Begin XCBuildConfiguration section */
		EFE4EDEE16CE1F5A004CC72A /* Debug */ = {
			isa = XCBuildConfiguration;
			buildSettings = {
				ALWAYS_SEARCH_USER_PATHS = NO;
				ARCHS = "$(ARCHS_STANDARD_64_BIT)";
				CLANG_CXX_LANGUAGE_STANDARD = "gnu++0x";
				CLANG_CXX_LIBRARY = "libc++";
				CLANG_WARN_CONSTANT_CONVERSION = YES;
				CLANG_WARN_EMPTY_BODY = YES;
				CLANG_WARN_ENUM_CONVERSION = YES;
				CLANG_WARN_INT_CONVERSION = YES;
				CLANG_WARN__DUPLICATE_METHOD_MATCH = YES;
				COPY_PHASE_STRIP = NO;
				GCC_C_LANGUAGE_STANDARD = gnu99;
				GCC_DYNAMIC_NO_PIC = NO;
				GCC_ENABLE_OBJC_EXCEPTIONS = YES;
				GCC_OPTIMIZATION_LEVEL = 0;
				GCC_PREPROCESSOR_DEFINITIONS = (
					"DEBUG=1",
					"$(inherited)",
				);
				GCC_SYMBOLS_PRIVATE_EXTERN = NO;
				GCC_WARN_64_TO_32_BIT_CONVERSION = YES;
				GCC_WARN_ABOUT_RETURN_TYPE = YES;
				GCC_WARN_UNINITIALIZED_AUTOS = YES;
				GCC_WARN_UNUSED_VARIABLE = YES;
				MACOSX_DEPLOYMENT_TARGET = 10.8;
				ONLY_ACTIVE_ARCH = YES;
				SDKROOT = macosx;
			};
			name = Debug;
		};
		EFE4EDEF16CE1F5A004CC72A /* Release */ = {
			isa = XCBuildConfiguration;
			buildSettings = {
				ALWAYS_SEARCH_USER_PATHS = NO;
				ARCHS = "$(ARCHS_STANDARD_64_BIT)";
				CLANG_CXX_LANGUAGE_STANDARD = "gnu++0x";
				CLANG_CXX_LIBRARY = "libc++";
				CLANG_WARN_CONSTANT_CONVERSION = YES;
				CLANG_WARN_EMPTY_BODY = YES;
				CLANG_WARN_ENUM_CONVERSION = YES;
				CLANG_WARN_INT_CONVERSION = YES;
				CLANG_WARN__DUPLICATE_METHOD_MATCH = YES;
				COPY_PHASE_STRIP = YES;
				DEBUG_INFORMATION_FORMAT = "dwarf-with-dsym";
				GCC_C_LANGUAGE_STANDARD = gnu99;
				GCC_ENABLE_OBJC_EXCEPTIONS = YES;
				GCC_WARN_64_TO_32_BIT_CONVERSION = YES;
				GCC_WARN_ABOUT_RETURN_TYPE = YES;
				GCC_WARN_UNINITIALIZED_AUTOS = YES;
				GCC_WARN_UNUSED_VARIABLE = YES;
				MACOSX_DEPLOYMENT_TARGET = 10.8;
				SDKROOT = macosx;
			};
			name = Release;
		};
		EFE4EDF116CE1F5A004CC72A /* Debug */ = {
			isa = XCBuildConfiguration;
			buildSettings = {
				COMBINE_HIDPI_IMAGES = YES;
				DEPLOYMENT_LOCATION = YES;
				DSTROOT = "$(HOME)";
				GCC_ENABLE_OBJC_GC = supported;
				GCC_MODEL_TUNING = G5;
				GCC_PRECOMPILE_PREFIX_HEADER = YES;
				GCC_PREFIX_HEADER = "InstaCodesPlugin/InstaCodesPlugin-Prefix.pch";
				INFOPLIST_FILE = "InstaCodesPlugin/InstaCodesPlugin-Info.plist";
				INSTALL_PATH = "/Library/Application Support/Developer/Shared/Xcode/Plug-ins";
				PRODUCT_NAME = "$(TARGET_NAME)";
				WRAPPER_EXTENSION = xcplugin;
			};
			name = Debug;
		};
		EFE4EDF216CE1F5A004CC72A /* Release */ = {
			isa = XCBuildConfiguration;
			buildSettings = {
				COMBINE_HIDPI_IMAGES = YES;
				DEPLOYMENT_LOCATION = YES;
				DSTROOT = "$(HOME)";
				GCC_ENABLE_OBJC_GC = supported;
				GCC_MODEL_TUNING = G5;
				GCC_PRECOMPILE_PREFIX_HEADER = YES;
				GCC_PREFIX_HEADER = "InstaCodesPlugin/InstaCodesPlugin-Prefix.pch";
				INFOPLIST_FILE = "InstaCodesPlugin/InstaCodesPlugin-Info.plist";
				INSTALL_PATH = "/Library/Application Support/Developer/Shared/Xcode/Plug-ins";
				PRODUCT_NAME = "$(TARGET_NAME)";
				WRAPPER_EXTENSION = xcplugin;
			};
			name = Release;
		};
/* End XCBuildConfiguration section */

/* Begin XCConfigurationList section */
		EFE4EDD916CE1F5A004CC72A /* Build configuration list for PBXProject "InstaCodesPlugin" */ = {
			isa = XCConfigurationList;
			buildConfigurations = (
				EFE4EDEE16CE1F5A004CC72A /* Debug */,
				EFE4EDEF16CE1F5A004CC72A /* Release */,
			);
			defaultConfigurationIsVisible = 0;
			defaultConfigurationName = Release;
		};
		EFE4EDF016CE1F5A004CC72A /* Build configuration list for PBXNativeTarget "InstaCodesPlugin" */ = {
			isa = XCConfigurationList;
			buildConfigurations = (
				EFE4EDF116CE1F5A004CC72A /* Debug */,
				EFE4EDF216CE1F5A004CC72A /* Release */,
			);
			defaultConfigurationIsVisible = 0;
			defaultConfigurationName = Release;
		};
/* End XCConfigurationList section */
	};
	rootObject = EFE4EDD616CE1F5A004CC72A /* Project object */;
}
