// !$*UTF8*$!
{
	archiveVersion = 1;
	classes = {
	};
	objectVersion = 46;
	objects = {

/* Begin PBXBuildFile section */
		348AA9491B0CA93F00CC0856 /* WTFItem.m in Sources */ = {isa = PBXBuildFile; fileRef = 348AA9481B0CA93F00CC0856 /* WTFItem.m */; };
		348AA94D1B0CA97500CC0856 /* NSArray+Utilities.m in Sources */ = {isa = PBXBuildFile; fileRef = 348AA94C1B0CA97500CC0856 /* NSArray+Utilities.m */; };
		A81F53991B0CA4B800222E2F /* ICPMainController.m in Sources */ = {isa = PBXBuildFile; fileRef = A81F53981B0CA4B800222E2F /* ICPMainController.m */; };
		A81F539F1B0CA4C400222E2F /* en.lproj in Resources */ = {isa = PBXBuildFile; fileRef = A81F539A1B0CA4C400222E2F /* en.lproj */; };
		A81F53A01B0CA4C400222E2F /* WhatToFixPlugin-Info.plist in Resources */ = {isa = PBXBuildFile; fileRef = A81F539B1B0CA4C400222E2F /* WhatToFixPlugin-Info.plist */; };
		A81F53A11B0CA4C400222E2F /* NSString+WebExtensions.m in Sources */ = {isa = PBXBuildFile; fileRef = A81F539E1B0CA4C400222E2F /* NSString+WebExtensions.m */; };
		EFE4EDE216CE1F5A004CC72A /* Cocoa.framework in Frameworks */ = {isa = PBXBuildFile; fileRef = EFE4EDE116CE1F5A004CC72A /* Cocoa.framework */; };
/* End PBXBuildFile section */

/* Begin PBXFileReference section */
		348AA9471B0CA93F00CC0856 /* WTFItem.h */ = {isa = PBXFileReference; fileEncoding = 4; lastKnownFileType = sourcecode.c.h; path = WTFItem.h; sourceTree = SOURCE_ROOT; };
		348AA9481B0CA93F00CC0856 /* WTFItem.m */ = {isa = PBXFileReference; fileEncoding = 4; lastKnownFileType = sourcecode.c.objc; path = WTFItem.m; sourceTree = SOURCE_ROOT; };
		348AA94B1B0CA97500CC0856 /* NSArray+Utilities.h */ = {isa = PBXFileReference; fileEncoding = 4; lastKnownFileType = sourcecode.c.h; path = "NSArray+Utilities.h"; sourceTree = SOURCE_ROOT; };
		348AA94C1B0CA97500CC0856 /* NSArray+Utilities.m */ = {isa = PBXFileReference; fileEncoding = 4; lastKnownFileType = sourcecode.c.objc; path = "NSArray+Utilities.m"; sourceTree = SOURCE_ROOT; };
		A81F53971B0CA4B800222E2F /* ICPMainController.h */ = {isa = PBXFileReference; fileEncoding = 4; lastKnownFileType = sourcecode.c.h; name = ICPMainController.h; path = WhatToFixPlugin/ICPMainController.h; sourceTree = SOURCE_ROOT; };
		A81F53981B0CA4B800222E2F /* ICPMainController.m */ = {isa = PBXFileReference; fileEncoding = 4; lastKnownFileType = sourcecode.c.objc; name = ICPMainController.m; path = WhatToFixPlugin/ICPMainController.m; sourceTree = SOURCE_ROOT; };
		A81F539A1B0CA4C400222E2F /* en.lproj */ = {isa = PBXFileReference; lastKnownFileType = folder; name = en.lproj; path = WhatToFixPlugin/en.lproj; sourceTree = SOURCE_ROOT; };
		A81F539B1B0CA4C400222E2F /* WhatToFixPlugin-Info.plist */ = {isa = PBXFileReference; fileEncoding = 4; lastKnownFileType = text.plist.xml; name = "WhatToFixPlugin-Info.plist"; path = "WhatToFixPlugin/WhatToFixPlugin-Info.plist"; sourceTree = SOURCE_ROOT; };
		A81F539C1B0CA4C400222E2F /* WhatToFixPlugin-Prefix.pch */ = {isa = PBXFileReference; fileEncoding = 4; lastKnownFileType = sourcecode.c.h; name = "WhatToFixPlugin-Prefix.pch"; path = "WhatToFixPlugin/WhatToFixPlugin-Prefix.pch"; sourceTree = SOURCE_ROOT; };
		A81F539D1B0CA4C400222E2F /* NSString+WebExtensions.h */ = {isa = PBXFileReference; fileEncoding = 4; lastKnownFileType = sourcecode.c.h; name = "NSString+WebExtensions.h"; path = "WhatToFixPlugin/NSString+WebExtensions.h"; sourceTree = SOURCE_ROOT; };
		A81F539E1B0CA4C400222E2F /* NSString+WebExtensions.m */ = {isa = PBXFileReference; fileEncoding = 4; lastKnownFileType = sourcecode.c.objc; name = "NSString+WebExtensions.m"; path = "WhatToFixPlugin/NSString+WebExtensions.m"; sourceTree = SOURCE_ROOT; };
		EFE4EDDE16CE1F5A004CC72A /* WhatToFixPlugin.xcplugin */ = {isa = PBXFileReference; explicitFileType = wrapper.cfbundle; includeInIndex = 0; path = WhatToFixPlugin.xcplugin; sourceTree = BUILT_PRODUCTS_DIR; };
		EFE4EDE116CE1F5A004CC72A /* Cocoa.framework */ = {isa = PBXFileReference; lastKnownFileType = wrapper.framework; name = Cocoa.framework; path = System/Library/Frameworks/Cocoa.framework; sourceTree = SDKROOT; };
		EFE4EDE416CE1F5A004CC72A /* AppKit.framework */ = {isa = PBXFileReference; lastKnownFileType = wrapper.framework; name = AppKit.framework; path = System/Library/Frameworks/AppKit.framework; sourceTree = SDKROOT; };
		EFE4EDE516CE1F5A004CC72A /* CoreData.framework */ = {isa = PBXFileReference; lastKnownFileType = wrapper.framework; name = CoreData.framework; path = System/Library/Frameworks/CoreData.framework; sourceTree = SDKROOT; };
		EFE4EDE616CE1F5A004CC72A /* Foundation.framework */ = {isa = PBXFileReference; lastKnownFileType = wrapper.framework; name = Foundation.framework; path = System/Library/Frameworks/Foundation.framework; sourceTree = SDKROOT; };
/* End PBXFileReference section */

/* Begin PBXFrameworksBuildPhase section */
		EFE4EDDB16CE1F5A004CC72A /* Frameworks */ = {
			isa = PBXFrameworksBuildPhase;
			buildActionMask = 2147483647;
			files = (
				EFE4EDE216CE1F5A004CC72A /* Cocoa.framework in Frameworks */,
			);
			runOnlyForDeploymentPostprocessing = 0;
		};
/* End PBXFrameworksBuildPhase section */

/* Begin PBXGroup section */
		348AA9461B0CA93800CC0856 /* WTF */ = {
			isa = PBXGroup;
			children = (
				348AA9471B0CA93F00CC0856 /* WTFItem.h */,
				348AA9481B0CA93F00CC0856 /* WTFItem.m */,
			);
			name = WTF;
			sourceTree = "<group>";
		};
		348AA94A1B0CA96500CC0856 /* Categories */ = {
			isa = PBXGroup;
			children = (
				348AA94B1B0CA97500CC0856 /* NSArray+Utilities.h */,
				348AA94C1B0CA97500CC0856 /* NSArray+Utilities.m */,
			);
			name = Categories;
			sourceTree = "<group>";
		};
		EFE4EDD516CE1F5A004CC72A = {
			isa = PBXGroup;
			children = (
				EFE4EDE716CE1F5A004CC72A /* WhatToFixPlugin */,
				EFE4EDE016CE1F5A004CC72A /* Frameworks */,
				EFE4EDDF16CE1F5A004CC72A /* Products */,
			);
			sourceTree = "<group>";
		};
		EFE4EDDF16CE1F5A004CC72A /* Products */ = {
			isa = PBXGroup;
			children = (
				EFE4EDDE16CE1F5A004CC72A /* WhatToFixPlugin.xcplugin */,
			);
			name = Products;
			sourceTree = "<group>";
		};
		EFE4EDE016CE1F5A004CC72A /* Frameworks */ = {
			isa = PBXGroup;
			children = (
				EFE4EDE116CE1F5A004CC72A /* Cocoa.framework */,
				EFE4EDE316CE1F5A004CC72A /* Other Frameworks */,
			);
			name = Frameworks;
			sourceTree = "<group>";
		};
		EFE4EDE316CE1F5A004CC72A /* Other Frameworks */ = {
			isa = PBXGroup;
			children = (
				EFE4EDE416CE1F5A004CC72A /* AppKit.framework */,
				EFE4EDE516CE1F5A004CC72A /* CoreData.framework */,
				EFE4EDE616CE1F5A004CC72A /* Foundation.framework */,
			);
			name = "Other Frameworks";
			sourceTree = "<group>";
		};
		EFE4EDE716CE1F5A004CC72A /* WhatToFixPlugin */ = {
			isa = PBXGroup;
			children = (
				348AA94A1B0CA96500CC0856 /* Categories */,
				348AA9461B0CA93800CC0856 /* WTF */,
				A81F53971B0CA4B800222E2F /* ICPMainController.h */,
				A81F53981B0CA4B800222E2F /* ICPMainController.m */,
				EFE4EDE816CE1F5A004CC72A /* Supporting Files */,
			);
			name = WhatToFixPlugin;
			path = InstaCodesPlugin;
			sourceTree = "<group>";
		};
		EFE4EDE816CE1F5A004CC72A /* Supporting Files */ = {
			isa = PBXGroup;
			children = (
				A81F539A1B0CA4C400222E2F /* en.lproj */,
				A81F539B1B0CA4C400222E2F /* WhatToFixPlugin-Info.plist */,
				A81F539C1B0CA4C400222E2F /* WhatToFixPlugin-Prefix.pch */,
				A81F539D1B0CA4C400222E2F /* NSString+WebExtensions.h */,
				A81F539E1B0CA4C400222E2F /* NSString+WebExtensions.m */,
			);
			name = "Supporting Files";
			sourceTree = "<group>";
		};
/* End PBXGroup section */

/* Begin PBXNativeTarget section */
		EFE4EDDD16CE1F5A004CC72A /* WhatToFixPlugin */ = {
			isa = PBXNativeTarget;
			buildConfigurationList = EFE4EDF016CE1F5A004CC72A /* Build configuration list for PBXNativeTarget "WhatToFixPlugin" */;
			buildPhases = (
				EFE4EDDA16CE1F5A004CC72A /* Sources */,
				EFE4EDDB16CE1F5A004CC72A /* Frameworks */,
				EFE4EDDC16CE1F5A004CC72A /* Resources */,
			);
			buildRules = (
			);
			dependencies = (
			);
			name = WhatToFixPlugin;
			productName = InstaCodesPlugin;
			productReference = EFE4EDDE16CE1F5A004CC72A /* WhatToFixPlugin.xcplugin */;
			productType = "com.apple.product-type.bundle";
		};
/* End PBXNativeTarget section */

/* Begin PBXProject section */
		EFE4EDD616CE1F5A004CC72A /* Project object */ = {
			isa = PBXProject;
			attributes = {
				LastUpgradeCheck = 0510;
				ORGANIZATIONNAME = "Eugene Kolpakov";
			};
			buildConfigurationList = EFE4EDD916CE1F5A004CC72A /* Build configuration list for PBXProject "WhatToFixPlugin" */;
			compatibilityVersion = "Xcode 3.2";
			developmentRegion = English;
			hasScannedForEncodings = 0;
			knownRegions = (
				en,
			);
			mainGroup = EFE4EDD516CE1F5A004CC72A;
			productRefGroup = EFE4EDDF16CE1F5A004CC72A /* Products */;
			projectDirPath = "";
			projectRoot = "";
			targets = (
				EFE4EDDD16CE1F5A004CC72A /* WhatToFixPlugin */,
			);
		};
/* End PBXProject section */

/* Begin PBXResourcesBuildPhase section */
		EFE4EDDC16CE1F5A004CC72A /* Resources */ = {
			isa = PBXResourcesBuildPhase;
			buildActionMask = 2147483647;
			files = (
				A81F539F1B0CA4C400222E2F /* en.lproj in Resources */,
				A81F53A01B0CA4C400222E2F /* WhatToFixPlugin-Info.plist in Resources */,
			);
			runOnlyForDeploymentPostprocessing = 0;
		};
/* End PBXResourcesBuildPhase section */

/* Begin PBXSourcesBuildPhase section */
		EFE4EDDA16CE1F5A004CC72A /* Sources */ = {
			isa = PBXSourcesBuildPhase;
			buildActionMask = 2147483647;
			files = (
				348AA9491B0CA93F00CC0856 /* WTFItem.m in Sources */,
				348AA94D1B0CA97500CC0856 /* NSArray+Utilities.m in Sources */,
				A81F53991B0CA4B800222E2F /* ICPMainController.m in Sources */,
				A81F53A11B0CA4C400222E2F /* NSString+WebExtensions.m in Sources */,
			);
			runOnlyForDeploymentPostprocessing = 0;
		};
/* End PBXSourcesBuildPhase section */

/* Begin XCBuildConfiguration section */
		EFE4EDEE16CE1F5A004CC72A /* Debug */ = {
			isa = XCBuildConfiguration;
			buildSettings = {
				ALWAYS_SEARCH_USER_PATHS = NO;
				CLANG_CXX_LANGUAGE_STANDARD = "gnu++0x";
				CLANG_CXX_LIBRARY = "libc++";
				CLANG_WARN_CONSTANT_CONVERSION = YES;
				CLANG_WARN_EMPTY_BODY = YES;
				CLANG_WARN_ENUM_CONVERSION = YES;
				CLANG_WARN_INT_CONVERSION = YES;
				CLANG_WARN__DUPLICATE_METHOD_MATCH = YES;
				COPY_PHASE_STRIP = NO;
				GCC_C_LANGUAGE_STANDARD = gnu99;
				GCC_DYNAMIC_NO_PIC = NO;
				GCC_ENABLE_OBJC_EXCEPTIONS = YES;
				GCC_OPTIMIZATION_LEVEL = 0;
				GCC_PREPROCESSOR_DEFINITIONS = (
					"DEBUG=1",
					"$(inherited)",
				);
				GCC_SYMBOLS_PRIVATE_EXTERN = NO;
				GCC_WARN_64_TO_32_BIT_CONVERSION = YES;
				GCC_WARN_ABOUT_RETURN_TYPE = YES;
				GCC_WARN_UNINITIALIZED_AUTOS = YES;
				GCC_WARN_UNUSED_VARIABLE = YES;
				MACOSX_DEPLOYMENT_TARGET = 10.8;
				ONLY_ACTIVE_ARCH = YES;
				SDKROOT = macosx;
			};
			name = Debug;
		};
		EFE4EDEF16CE1F5A004CC72A /* Release */ = {
			isa = XCBuildConfiguration;
			buildSettings = {
				ALWAYS_SEARCH_USER_PATHS = NO;
				CLANG_CXX_LANGUAGE_STANDARD = "gnu++0x";
				CLANG_CXX_LIBRARY = "libc++";
				CLANG_WARN_CONSTANT_CONVERSION = YES;
				CLANG_WARN_EMPTY_BODY = YES;
				CLANG_WARN_ENUM_CONVERSION = YES;
				CLANG_WARN_INT_CONVERSION = YES;
				CLANG_WARN__DUPLICATE_METHOD_MATCH = YES;
				COPY_PHASE_STRIP = YES;
				DEBUG_INFORMATION_FORMAT = "dwarf-with-dsym";
				GCC_C_LANGUAGE_STANDARD = gnu99;
				GCC_ENABLE_OBJC_EXCEPTIONS = YES;
				GCC_WARN_64_TO_32_BIT_CONVERSION = YES;
				GCC_WARN_ABOUT_RETURN_TYPE = YES;
				GCC_WARN_UNINITIALIZED_AUTOS = YES;
				GCC_WARN_UNUSED_VARIABLE = YES;
				MACOSX_DEPLOYMENT_TARGET = 10.8;
				SDKROOT = macosx;
			};
			name = Release;
		};
		EFE4EDF116CE1F5A004CC72A /* Debug */ = {
			isa = XCBuildConfiguration;
			buildSettings = {
				CLANG_ENABLE_OBJC_ARC = YES;
				COMBINE_HIDPI_IMAGES = YES;
				DEPLOYMENT_LOCATION = YES;
				DSTROOT = "$(HOME)";
				GCC_MODEL_TUNING = G5;
				GCC_PRECOMPILE_PREFIX_HEADER = YES;
				GCC_PREFIX_HEADER = "WhatToFixPlugin/WhatToFixPlugin-Prefix.pch";
				INFOPLIST_FILE = "WhatToFixPlugin/WhatToFixPlugin-Info.plist";
				INSTALL_PATH = "/Library/Application Support/Developer/Shared/Xcode/Plug-ins";
				MACOSX_DEPLOYMENT_TARGET = 10.7;
				PRODUCT_NAME = "$(TARGET_NAME)";
				SDKROOT = macosx;
				WRAPPER_EXTENSION = xcplugin;
			};
			name = Debug;
		};
		EFE4EDF216CE1F5A004CC72A /* Release */ = {
			isa = XCBuildConfiguration;
			buildSettings = {
				CLANG_ENABLE_OBJC_ARC = YES;
				COMBINE_HIDPI_IMAGES = YES;
				DEPLOYMENT_LOCATION = YES;
				DSTROOT = "$(HOME)";
				GCC_MODEL_TUNING = G5;
				GCC_PRECOMPILE_PREFIX_HEADER = YES;
				GCC_PREFIX_HEADER = "WhatToFixPlugin/WhatToFixPlugin-Prefix.pch";
				INFOPLIST_FILE = "WhatToFixPlugin/WhatToFixPlugin-Info.plist";
				INSTALL_PATH = "/Library/Application Support/Developer/Shared/Xcode/Plug-ins";
				MACOSX_DEPLOYMENT_TARGET = 10.7;
				PRODUCT_NAME = "$(TARGET_NAME)";
				SDKROOT = macosx;
				WRAPPER_EXTENSION = xcplugin;
			};
			name = Release;
		};
/* End XCBuildConfiguration section */

/* Begin XCConfigurationList section */
		EFE4EDD916CE1F5A004CC72A /* Build configuration list for PBXProject "WhatToFixPlugin" */ = {
			isa = XCConfigurationList;
			buildConfigurations = (
				EFE4EDEE16CE1F5A004CC72A /* Debug */,
				EFE4EDEF16CE1F5A004CC72A /* Release */,
			);
			defaultConfigurationIsVisible = 0;
			defaultConfigurationName = Release;
		};
		EFE4EDF016CE1F5A004CC72A /* Build configuration list for PBXNativeTarget "WhatToFixPlugin" */ = {
			isa = XCConfigurationList;
			buildConfigurations = (
				EFE4EDF116CE1F5A004CC72A /* Debug */,
				EFE4EDF216CE1F5A004CC72A /* Release */,
			);
			defaultConfigurationIsVisible = 0;
			defaultConfigurationName = Release;
		};
/* End XCConfigurationList section */
	};
	rootObject = EFE4EDD616CE1F5A004CC72A /* Project object */;
}
